
Microsoft Visual Studio Solution File, Format Version 12.00
# Visual Studio Version 16
VisualStudioVersion = 16.0.33927.289
MinimumVisualStudioVersion = 10.0.40219.1
Project("{2150E333-8FDC-42A3-9474-1A3956D46DE8}") = "Task0", "Task0", "{A9BFFD7E-A6F7-49FF-A71D-17F2E7683D67}"
EndProject
Project("{FAE04EC0-301F-11D3-BF4B-00C04F79EFBC}") = "Tyuiu.GornovTA.Sprint0.Task0.V0", "Tyuiu.GornovTA.Sprint0.Task0.V0\Tyuiu.GornovTA.Sprint0.Task0.V0.csproj", "{1F28D8CB-151D-489B-B3DE-CD1BECD6E457}"
EndProject
Project("{2150E333-8FDC-42A3-9474-1A3956D46DE8}") = "Task1", "Task1", "{B68B993F-8FBF-4CDF-9014-45D5B108AF15}"
EndProject
Project("{FAE04EC0-301F-11D3-BF4B-00C04F79EFBC}") = "Tyuiu.GornovTA.Sprint0.Task1.V0", "Tyuiu.GornovTA.Sprint0.Task1.V0\Tyuiu.GornovTA.Sprint0.Task1.V0.csproj", "{38B92144-9619-4462-8C8C-741536427EDC}"
EndProject
Project("{2150E333-8FDC-42A3-9474-1A3956D46DE8}") = "Task2", "Task2", "{33A66FC5-E1B3-4889-8622-D4E95C10BA90}"
EndProject
Project("{FAE04EC0-301F-11D3-BF4B-00C04F79EFBC}") = "Tyuiu.GornovTA.Sprint0.Task2.V0", "Tyuiu.GornovTA.Sprint0.Task2.V0\Tyuiu.GornovTA.Sprint0.Task2.V0.csproj", "{86506E7C-A30E-44F6-B7DB-96ABE5215853}"
EndProject
Project("{FAE04EC0-301F-11D3-BF4B-00C04F79EFBC}") = "Tyuiu.GornovTA.Sprint0.Task2.V0.Lib", "Tyuiu.GornovTA.Sprint0.Task2.V0.Lib\Tyuiu.GornovTA.Sprint0.Task2.V0.Lib.csproj", "{8E4D3CF4-7015-4C67-8A57-BF3D8851ECFB}"
EndProject
Project("{FAE04EC0-301F-11D3-BF4B-00C04F79EFBC}") = "Tyuiu.GornovTA.Sprint0.Task2.V0.Test", "Tyuiu.GornovTA.Sprint0.Task2.V0.Test\Tyuiu.GornovTA.Sprint0.Task2.V0.Test.csproj", "{C3890718-019C-4F78-B7E0-DAF098C8CE8A}"
EndProject
Project("{2150E333-8FDC-42A3-9474-1A3956D46DE8}") = "Task3", "Task3", "{F33C8A14-B802-4A13-BD87-E24434B23773}"
EndProject
Project("{FAE04EC0-301F-11D3-BF4B-00C04F79EFBC}") = "Tyuiu.GornovTA.Sprint0.Task3.V0", "Tyuiu.GornovTA.Sprint0.Task3.V0\Tyuiu.GornovTA.Sprint0.Task3.V0.csproj", "{81B8F12B-CCF2-4A83-8E7A-754CC9244F0C}"
EndProject
Project("{FAE04EC0-301F-11D3-BF4B-00C04F79EFBC}") = "Tyuiu.GornovTA.Sprint0.Task3.V0.Test", "Tyuiu.GornovTA.Sprint0.Task3.V0.Test\Tyuiu.GornovTA.Sprint0.Task3.V0.Test.csproj", "{6B6C7467-54D4-40AF-91B5-348CD71D0173}"
EndProject
Project("{FAE04EC0-301F-11D3-BF4B-00C04F79EFBC}") = "Tyuiu.GornovTA.Sprint0.Task3.V0.Lib", "Tyuiu.GornovTA.Sprint0.Task3.V0.Lib\Tyuiu.GornovTA.Sprint0.Task3.V0.Lib.csproj", "{881A81EA-2958-4EF8-B40D-DDD679A9536E}"
EndProject
Project("{2150E333-8FDC-42A3-9474-1A3956D46DE8}") = "Task4", "Task4", "{453A3625-9D15-4988-B48D-52E20D94C4EF}"
EndProject
Project("{FAE04EC0-301F-11D3-BF4B-00C04F79EFBC}") = "Tyuiu.GornovTA.Sprint0.Task4.V0", "Tyuiu.GornovTA.Sprint0.Task4.V0\Tyuiu.GornovTA.Sprint0.Task4.V0.csproj", "{79247095-E708-421E-A96B-3F63852315C4}"
EndProject
Project("{FAE04EC0-301F-11D3-BF4B-00C04F79EFBC}") = "Tyuiu.GornovTA.Sprint0.Task4.V0.Lib", "Tyuiu.GornovTA.Sprint0.Task4.V0.Lib\Tyuiu.GornovTA.Sprint0.Task4.V0.Lib.csproj", "{13FC514E-B01E-4F0E-9D33-2BF719ED5588}"
EndProject
Project("{FAE04EC0-301F-11D3-BF4B-00C04F79EFBC}") = "Tyuiu.GornovTA.Sprint0.Task4.V0.Test", "Tyuiu.GornovTA.Sprint0.Task4.V0.Test\Tyuiu.GornovTA.Sprint0.Task4.V0.Test.csproj", "{CFF967CF-F61C-4C5B-8A59-8F2682BDDF33}"
EndProject
Global
	GlobalSection(SolutionConfigurationPlatforms) = preSolution
		Debug|Any CPU = Debug|Any CPU
		Release|Any CPU = Release|Any CPU
	EndGlobalSection
	GlobalSection(ProjectConfigurationPlatforms) = postSolution
		{1F28D8CB-151D-489B-B3DE-CD1BECD6E457}.Debug|Any CPU.ActiveCfg = Debug|Any CPU
		{1F28D8CB-151D-489B-B3DE-CD1BECD6E457}.Debug|Any CPU.Build.0 = Debug|Any CPU
		{1F28D8CB-151D-489B-B3DE-CD1BECD6E457}.Release|Any CPU.ActiveCfg = Release|Any CPU
		{1F28D8CB-151D-489B-B3DE-CD1BECD6E457}.Release|Any CPU.Build.0 = Release|Any CPU
		{38B92144-9619-4462-8C8C-741536427EDC}.Debug|Any CPU.ActiveCfg = Debug|Any CPU
		{38B92144-9619-4462-8C8C-741536427EDC}.Debug|Any CPU.Build.0 = Debug|Any CPU
		{38B92144-9619-4462-8C8C-741536427EDC}.Release|Any CPU.ActiveCfg = Release|Any CPU
		{38B92144-9619-4462-8C8C-741536427EDC}.Release|Any CPU.Build.0 = Release|Any CPU
		{86506E7C-A30E-44F6-B7DB-96ABE5215853}.Debug|Any CPU.ActiveCfg = Debug|Any CPU
		{86506E7C-A30E-44F6-B7DB-96ABE5215853}.Debug|Any CPU.Build.0 = Debug|Any CPU
		{86506E7C-A30E-44F6-B7DB-96ABE5215853}.Release|Any CPU.ActiveCfg = Release|Any CPU
		{86506E7C-A30E-44F6-B7DB-96ABE5215853}.Release|Any CPU.Build.0 = Release|Any CPU
		{8E4D3CF4-7015-4C67-8A57-BF3D8851ECFB}.Debug|Any CPU.ActiveCfg = Debug|Any CPU
		{8E4D3CF4-7015-4C67-8A57-BF3D8851ECFB}.Debug|Any CPU.Build.0 = Debug|Any CPU
		{8E4D3CF4-7015-4C67-8A57-BF3D8851ECFB}.Release|Any CPU.ActiveCfg = Release|Any CPU
		{8E4D3CF4-7015-4C67-8A57-BF3D8851ECFB}.Release|Any CPU.Build.0 = Release|Any CPU
		{C3890718-019C-4F78-B7E0-DAF098C8CE8A}.Debug|Any CPU.ActiveCfg = Debug|Any CPU
		{C3890718-019C-4F78-B7E0-DAF098C8CE8A}.Debug|Any CPU.Build.0 = Debug|Any CPU
		{C3890718-019C-4F78-B7E0-DAF098C8CE8A}.Release|Any CPU.ActiveCfg = Release|Any CPU
		{C3890718-019C-4F78-B7E0-DAF098C8CE8A}.Release|Any CPU.Build.0 = Release|Any CPU
		{81B8F12B-CCF2-4A83-8E7A-754CC9244F0C}.Debug|Any CPU.ActiveCfg = Debug|Any CPU
		{81B8F12B-CCF2-4A83-8E7A-754CC9244F0C}.Debug|Any CPU.Build.0 = Debug|Any CPU
		{81B8F12B-CCF2-4A83-8E7A-754CC9244F0C}.Release|Any CPU.ActiveCfg = Release|Any CPU
		{81B8F12B-CCF2-4A83-8E7A-754CC9244F0C}.Release|Any CPU.Build.0 = Release|Any CPU
		{6B6C7467-54D4-40AF-91B5-348CD71D0173}.Debug|Any CPU.ActiveCfg = Debug|Any CPU
		{6B6C7467-54D4-40AF-91B5-348CD71D0173}.Debug|Any CPU.Build.0 = Debug|Any CPU
		{6B6C7467-54D4-40AF-91B5-348CD71D0173}.Release|Any CPU.ActiveCfg = Release|Any CPU
		{6B6C7467-54D4-40AF-91B5-348CD71D0173}.Release|Any CPU.Build.0 = Release|Any CPU
		{881A81EA-2958-4EF8-B40D-DDD679A9536E}.Debug|Any CPU.ActiveCfg = Debug|Any CPU
		{881A81EA-2958-4EF8-B40D-DDD679A9536E}.Debug|Any CPU.Build.0 = Debug|Any CPU
		{881A81EA-2958-4EF8-B40D-DDD679A9536E}.Release|Any CPU.ActiveCfg = Release|Any CPU
		{881A81EA-2958-4EF8-B40D-DDD679A9536E}.Release|Any CPU.Build.0 = Release|Any CPU
		{79247095-E708-421E-A96B-3F63852315C4}.Debug|Any CPU.ActiveCfg = Debug|Any CPU
		{79247095-E708-421E-A96B-3F63852315C4}.Debug|Any CPU.Build.0 = Debug|Any CPU
		{79247095-E708-421E-A96B-3F63852315C4}.Release|Any CPU.ActiveCfg = Release|Any CPU
		{79247095-E708-421E-A96B-3F63852315C4}.Release|Any CPU.Build.0 = Release|Any CPU
		{13FC514E-B01E-4F0E-9D33-2BF719ED5588}.Debug|Any CPU.ActiveCfg = Debug|Any CPU
		{13FC514E-B01E-4F0E-9D33-2BF719ED5588}.Debug|Any CPU.Build.0 = Debug|Any CPU
		{13FC514E-B01E-4F0E-9D33-2BF719ED5588}.Release|Any CPU.ActiveCfg = Release|Any CPU
		{13FC514E-B01E-4F0E-9D33-2BF719ED5588}.Release|Any CPU.Build.0 = Release|Any CPU
		{CFF967CF-F61C-4C5B-8A59-8F2682BDDF33}.Debug|Any CPU.ActiveCfg = Debug|Any CPU
		{CFF967CF-F61C-4C5B-8A59-8F2682BDDF33}.Debug|Any CPU.Build.0 = Debug|Any CPU
		{CFF967CF-F61C-4C5B-8A59-8F2682BDDF33}.Release|Any CPU.ActiveCfg = Release|Any CPU
		{CFF967CF-F61C-4C5B-8A59-8F2682BDDF33}.Release|Any CPU.Build.0 = Release|Any CPU
	EndGlobalSection
	GlobalSection(SolutionProperties) = preSolution
		HideSolutionNode = FALSE
	EndGlobalSection
	GlobalSection(NestedProjects) = preSolution
		{1F28D8CB-151D-489B-B3DE-CD1BECD6E457} = {A9BFFD7E-A6F7-49FF-A71D-17F2E7683D67}
		{38B92144-9619-4462-8C8C-741536427EDC} = {B68B993F-8FBF-4CDF-9014-45D5B108AF15}
		{86506E7C-A30E-44F6-B7DB-96ABE5215853} = {33A66FC5-E1B3-4889-8622-D4E95C10BA90}
		{8E4D3CF4-7015-4C67-8A57-BF3D8851ECFB} = {33A66FC5-E1B3-4889-8622-D4E95C10BA90}
		{C3890718-019C-4F78-B7E0-DAF098C8CE8A} = {33A66FC5-E1B3-4889-8622-D4E95C10BA90}
		{81B8F12B-CCF2-4A83-8E7A-754CC9244F0C} = {F33C8A14-B802-4A13-BD87-E24434B23773}
		{6B6C7467-54D4-40AF-91B5-348CD71D0173} = {F33C8A14-B802-4A13-BD87-E24434B23773}
		{881A81EA-2958-4EF8-B40D-DDD679A9536E} = {F33C8A14-B802-4A13-BD87-E24434B23773}
		{79247095-E708-421E-A96B-3F63852315C4} = {453A3625-9D15-4988-B48D-52E20D94C4EF}
		{13FC514E-B01E-4F0E-9D33-2BF719ED5588} = {453A3625-9D15-4988-B48D-52E20D94C4EF}
		{CFF967CF-F61C-4C5B-8A59-8F2682BDDF33} = {453A3625-9D15-4988-B48D-52E20D94C4EF}
	EndGlobalSection
	GlobalSection(ExtensibilityGlobals) = postSolution
		SolutionGuid = {97580B56-EEFD-48C1-BC7E-DF1702F4B288}
	EndGlobalSection
EndGlobal
