
Microsoft Visual Studio Solution File, Format Version 12.00
# Visual Studio Version 16
VisualStudioVersion = 16.0.33927.289
MinimumVisualStudioVersion = 10.0.40219.1
Project("{2150E333-8FDC-42A3-9474-1A3956D46DE8}") = "Task0", "Task0", "{A9BFFD7E-A6F7-49FF-A71D-17F2E7683D67}"
EndProject
Project("{FAE04EC0-301F-11D3-BF4B-00C04F79EFBC}") = "Tyuiu.GornovTA.Sprint0.Task0.V0", "Tyuiu.GornovTA.Sprint0.Task0.V0\Tyuiu.GornovTA.Sprint0.Task0.V0.csproj", "{1F28D8CB-151D-489B-B3DE-CD1BECD6E457}"
EndProject
Global
	GlobalSection(SolutionConfigurationPlatforms) = preSolution
		Debug|Any CPU = Debug|Any CPU
		Release|Any CPU = Release|Any CPU
	EndGlobalSection
	GlobalSection(ProjectConfigurationPlatforms) = postSolution
		{1F28D8CB-151D-489B-B3DE-CD1BECD6E457}.Debug|Any CPU.ActiveCfg = Debug|Any CPU
		{1F28D8CB-151D-489B-B3DE-CD1BECD6E457}.Debug|Any CPU.Build.0 = Debug|Any CPU
		{1F28D8CB-151D-489B-B3DE-CD1BECD6E457}.Release|Any CPU.ActiveCfg = Release|Any CPU
		{1F28D8CB-151D-489B-B3DE-CD1BECD6E457}.Release|Any CPU.Build.0 = Release|Any CPU
	EndGlobalSection
	GlobalSection(SolutionProperties) = preSolution
		HideSolutionNode = FALSE
	EndGlobalSection
	GlobalSection(NestedProjects) = preSolution
		{1F28D8CB-151D-489B-B3DE-CD1BECD6E457} = {A9BFFD7E-A6F7-49FF-A71D-17F2E7683D67}
	EndGlobalSection
	GlobalSection(ExtensibilityGlobals) = postSolution
		SolutionGuid = {97580B56-EEFD-48C1-BC7E-DF1702F4B288}
	EndGlobalSection
EndGlobal
